
Microsoft Visual Studio Solution File, Format Version 12.00
# Visual Studio 14
VisualStudioVersion = 14.0.23107.0
MinimumVisualStudioVersion = 10.0.40219.1
Project("{FAE04EC0-301F-11D3-BF4B-00C04F79EFBC}") = "LibraryService", "LibraryService\LibraryService.csproj", "{282B02C3-E5B3-4172-A8F5-35CBD8A30607}"
EndProject
Project("{FAE04EC0-301F-11D3-BF4B-00C04F79EFBC}") = "LibraryClient", "LibraryClient\LibraryClient.csproj", "{B57BB16B-ADC7-4B2F-BB4A-38E61E6B36C8}"
EndProject
Global
	GlobalSection(SolutionConfigurationPlatforms) = preSolution
		Debug|Any CPU = Debug|Any CPU
		Release|Any CPU = Release|Any CPU
	EndGlobalSection
	GlobalSection(ProjectConfigurationPlatforms) = postSolution
		{282B02C3-E5B3-4172-A8F5-35CBD8A30607}.Debug|Any CPU.ActiveCfg = Debug|Any CPU
		{282B02C3-E5B3-4172-A8F5-35CBD8A30607}.Debug|Any CPU.Build.0 = Debug|Any CPU
		{282B02C3-E5B3-4172-A8F5-35CBD8A30607}.Release|Any CPU.ActiveCfg = Release|Any CPU
		{282B02C3-E5B3-4172-A8F5-35CBD8A30607}.Release|Any CPU.Build.0 = Release|Any CPU
		{B57BB16B-ADC7-4B2F-BB4A-38E61E6B36C8}.Debug|Any CPU.ActiveCfg = Debug|Any CPU
		{B57BB16B-ADC7-4B2F-BB4A-38E61E6B36C8}.Debug|Any CPU.Build.0 = Debug|Any CPU
		{B57BB16B-ADC7-4B2F-BB4A-38E61E6B36C8}.Release|Any CPU.ActiveCfg = Release|Any CPU
		{B57BB16B-ADC7-4B2F-BB4A-38E61E6B36C8}.Release|Any CPU.Build.0 = Release|Any CPU
	EndGlobalSection
	GlobalSection(SolutionProperties) = preSolution
		HideSolutionNode = FALSE
	EndGlobalSection
EndGlobal
